
Microsoft Visual Studio Solution File, Format Version 12.00
# Visual Studio Version 16
VisualStudioVersion = 16.0.30503.244
MinimumVisualStudioVersion = 10.0.40219.1
Project("{FAE04EC0-301F-11D3-BF4B-00C04F79EFBC}") = "ConsoleApp1", "ConsoleApp1\ConsoleApp1.csproj", "{3F608456-6D6B-4314-BB1D-41A353629F5A}"
EndProject
Global
	GlobalSection(SolutionConfigurationPlatforms) = preSolution
		Debug|Any CPU = Debug|Any CPU
		Release|Any CPU = Release|Any CPU
	EndGlobalSection
	GlobalSection(ProjectConfigurationPlatforms) = postSolution
		{3F608456-6D6B-4314-BB1D-41A353629F5A}.Debug|Any CPU.ActiveCfg = Debug|Any CPU
		{3F608456-6D6B-4314-BB1D-41A353629F5A}.Debug|Any CPU.Build.0 = Debug|Any CPU
		{3F608456-6D6B-4314-BB1D-41A353629F5A}.Release|Any CPU.ActiveCfg = Release|Any CPU
		{3F608456-6D6B-4314-BB1D-41A353629F5A}.Release|Any CPU.Build.0 = Release|Any CPU
	EndGlobalSection
	GlobalSection(SolutionProperties) = preSolution
		HideSolutionNode = FALSE
	EndGlobalSection
	GlobalSection(ExtensibilityGlobals) = postSolution
		SolutionGuid = {12F55264-EA51-400D-9E71-24CDE5657501}
	EndGlobalSection
EndGlobal
